
Microsoft Visual Studio Solution File, Format Version 12.00
# Visual Studio 15
VisualStudioVersion = 15.0.27428.2037
MinimumVisualStudioVersion = 10.0.40219.1
Project("{FAE04EC0-301F-11D3-BF4B-00C04F79EFBC}") = "AlternatingCharacters", "AlternatingCharacters\AlternatingCharacters.csproj", "{07A85B79-E129-46D3-B22C-2329910CC4EC}"
EndProject
Global
	GlobalSection(SolutionConfigurationPlatforms) = preSolution
		Debug|Any CPU = Debug|Any CPU
		Release|Any CPU = Release|Any CPU
	EndGlobalSection
	GlobalSection(ProjectConfigurationPlatforms) = postSolution
		{07A85B79-E129-46D3-B22C-2329910CC4EC}.Debug|Any CPU.ActiveCfg = Debug|Any CPU
		{07A85B79-E129-46D3-B22C-2329910CC4EC}.Debug|Any CPU.Build.0 = Debug|Any CPU
		{07A85B79-E129-46D3-B22C-2329910CC4EC}.Release|Any CPU.ActiveCfg = Release|Any CPU
		{07A85B79-E129-46D3-B22C-2329910CC4EC}.Release|Any CPU.Build.0 = Release|Any CPU
	EndGlobalSection
	GlobalSection(SolutionProperties) = preSolution
		HideSolutionNode = FALSE
	EndGlobalSection
	GlobalSection(ExtensibilityGlobals) = postSolution
		SolutionGuid = {E7AE4644-0E1D-45BF-9A9E-6F4E5B8880AD}
	EndGlobalSection
EndGlobal
