
Microsoft Visual Studio Solution File, Format Version 12.00
# Visual Studio 15
VisualStudioVersion = 15.0.27428.2037
MinimumVisualStudioVersion = 10.0.40219.1
Project("{FAE04EC0-301F-11D3-BF4B-00C04F79EFBC}") = "Gemstones", "Gemstones\Gemstones.csproj", "{90F0229E-B66B-42CF-9B01-F9297B65D81A}"
EndProject
Global
	GlobalSection(SolutionConfigurationPlatforms) = preSolution
		Debug|Any CPU = Debug|Any CPU
		Release|Any CPU = Release|Any CPU
	EndGlobalSection
	GlobalSection(ProjectConfigurationPlatforms) = postSolution
		{90F0229E-B66B-42CF-9B01-F9297B65D81A}.Debug|Any CPU.ActiveCfg = Debug|Any CPU
		{90F0229E-B66B-42CF-9B01-F9297B65D81A}.Debug|Any CPU.Build.0 = Debug|Any CPU
		{90F0229E-B66B-42CF-9B01-F9297B65D81A}.Release|Any CPU.ActiveCfg = Release|Any CPU
		{90F0229E-B66B-42CF-9B01-F9297B65D81A}.Release|Any CPU.Build.0 = Release|Any CPU
	EndGlobalSection
	GlobalSection(SolutionProperties) = preSolution
		HideSolutionNode = FALSE
	EndGlobalSection
	GlobalSection(ExtensibilityGlobals) = postSolution
		SolutionGuid = {EDF65D08-A853-471B-85FB-17CD91876212}
	EndGlobalSection
EndGlobal
